// !$*UTF8*$!
{
	archiveVersion = 1;
	classes = {
	};
	objectVersion = 46;
	objects = {

/* Begin PBXBuildFile section */
		3FBBF7F316114CA4004CB391 /* main.cpp in Sources */ = {isa = PBXBuildFile; fileRef = 3FBBF7F216114CA4004CB391 /* main.cpp */; };
		3FBBF7F516114CA4004CB391 /* Zip_Code_Search.1 in CopyFiles */ = {isa = PBXBuildFile; fileRef = 3FBBF7F416114CA4004CB391 /* Zip_Code_Search.1 */; };
/* End PBXBuildFile section */

/* Begin PBXCopyFilesBuildPhase section */
		3FBBF7EC16114CA4004CB391 /* CopyFiles */ = {
			isa = PBXCopyFilesBuildPhase;
			buildActionMask = 2147483647;
			dstPath = /usr/share/man/man1/;
			dstSubfolderSpec = 0;
			files = (
				3FBBF7F516114CA4004CB391 /* Zip_Code_Search.1 in CopyFiles */,
			);
			runOnlyForDeploymentPostprocessing = 1;
		};
/* End PBXCopyFilesBuildPhase section */

/* Begin PBXFileReference section */
		3FBBF7EE16114CA4004CB391 /* Zip Code Search */ = {isa = PBXFileReference; explicitFileType = "compiled.mach-o.executable"; includeInIndex = 0; path = "Zip Code Search"; sourceTree = BUILT_PRODUCTS_DIR; };
		3FBBF7F216114CA4004CB391 /* main.cpp */ = {isa = PBXFileReference; lastKnownFileType = sourcecode.cpp.cpp; path = main.cpp; sourceTree = "<group>"; };
		3FBBF7F416114CA4004CB391 /* Zip_Code_Search.1 */ = {isa = PBXFileReference; lastKnownFileType = text.man; path = Zip_Code_Search.1; sourceTree = "<group>"; };
/* End PBXFileReference section */

/* Begin PBXFrameworksBuildPhase section */
		3FBBF7EB16114CA4004CB391 /* Frameworks */ = {
			isa = PBXFrameworksBuildPhase;
			buildActionMask = 2147483647;
			files = (
			);
			runOnlyForDeploymentPostprocessing = 0;
		};
/* End PBXFrameworksBuildPhase section */

/* Begin PBXGroup section */
		3FBBF7E316114CA4004CB391 = {
			isa = PBXGroup;
			children = (
				3FBBF7F116114CA4004CB391 /* Zip Code Search */,
				3FBBF7EF16114CA4004CB391 /* Products */,
			);
			sourceTree = "<group>";
		};
		3FBBF7EF16114CA4004CB391 /* Products */ = {
			isa = PBXGroup;
			children = (
				3FBBF7EE16114CA4004CB391 /* Zip Code Search */,
			);
			name = Products;
			sourceTree = "<group>";
		};
		3FBBF7F116114CA4004CB391 /* Zip Code Search */ = {
			isa = PBXGroup;
			children = (
				3FBBF7F216114CA4004CB391 /* main.cpp */,
				3FBBF7F416114CA4004CB391 /* Zip_Code_Search.1 */,
			);
			path = "Zip Code Search";
			sourceTree = "<group>";
		};
/* End PBXGroup section */

/* Begin PBXNativeTarget section */
		3FBBF7ED16114CA4004CB391 /* Zip Code Search */ = {
			isa = PBXNativeTarget;
			buildConfigurationList = 3FBBF7F816114CA4004CB391 /* Build configuration list for PBXNativeTarget "Zip Code Search" */;
			buildPhases = (
				3FBBF7EA16114CA4004CB391 /* Sources */,
				3FBBF7EB16114CA4004CB391 /* Frameworks */,
				3FBBF7EC16114CA4004CB391 /* CopyFiles */,
			);
			buildRules = (
			);
			dependencies = (
			);
			name = "Zip Code Search";
			productName = "Zip Code Search";
			productReference = 3FBBF7EE16114CA4004CB391 /* Zip Code Search */;
			productType = "com.apple.product-type.tool";
		};
/* End PBXNativeTarget section */

/* Begin PBXProject section */
		3FBBF7E516114CA4004CB391 /* Project object */ = {
			isa = PBXProject;
			attributes = {
				LastUpgradeCheck = 0440;
				ORGANIZATIONNAME = "Stephen Moon";
			};
			buildConfigurationList = 3FBBF7E816114CA4004CB391 /* Build configuration list for PBXProject "Zip Code Search" */;
			compatibilityVersion = "Xcode 3.2";
			developmentRegion = English;
			hasScannedForEncodings = 0;
			knownRegions = (
				en,
			);
			mainGroup = 3FBBF7E316114CA4004CB391;
			productRefGroup = 3FBBF7EF16114CA4004CB391 /* Products */;
			projectDirPath = "";
			projectRoot = "";
			targets = (
				3FBBF7ED16114CA4004CB391 /* Zip Code Search */,
			);
		};
/* End PBXProject section */

/* Begin PBXSourcesBuildPhase section */
		3FBBF7EA16114CA4004CB391 /* Sources */ = {
			isa = PBXSourcesBuildPhase;
			buildActionMask = 2147483647;
			files = (
				3FBBF7F316114CA4004CB391 /* main.cpp in Sources */,
			);
			runOnlyForDeploymentPostprocessing = 0;
		};
/* End PBXSourcesBuildPhase section */

/* Begin XCBuildConfiguration section */
		3FBBF7F616114CA4004CB391 /* Debug */ = {
			isa = XCBuildConfiguration;
			buildSettings = {
				ALWAYS_SEARCH_USER_PATHS = NO;
				ARCHS = "$(ARCHS_STANDARD_64_BIT)";
				CLANG_CXX_LANGUAGE_STANDARD = "gnu++0x";
				CLANG_ENABLE_OBJC_ARC = YES;
				CLANG_WARN__DUPLICATE_METHOD_MATCH = YES;
				COPY_PHASE_STRIP = NO;
				GCC_C_LANGUAGE_STANDARD = gnu99;
				GCC_DYNAMIC_NO_PIC = NO;
				GCC_ENABLE_OBJC_EXCEPTIONS = YES;
				GCC_OPTIMIZATION_LEVEL = 0;
				GCC_PREPROCESSOR_DEFINITIONS = (
					"DEBUG=1",
					"$(inherited)",
				);
				GCC_SYMBOLS_PRIVATE_EXTERN = NO;
				GCC_WARN_64_TO_32_BIT_CONVERSION = YES;
				GCC_WARN_ABOUT_RETURN_TYPE = YES;
				GCC_WARN_UNINITIALIZED_AUTOS = YES;
				GCC_WARN_UNUSED_VARIABLE = YES;
				MACOSX_DEPLOYMENT_TARGET = 10.8;
				ONLY_ACTIVE_ARCH = YES;
				SDKROOT = macosx;
			};
			name = Debug;
		};
		3FBBF7F716114CA4004CB391 /* Release */ = {
			isa = XCBuildConfiguration;
			buildSettings = {
				ALWAYS_SEARCH_USER_PATHS = NO;
				ARCHS = "$(ARCHS_STANDARD_64_BIT)";
				CLANG_CXX_LANGUAGE_STANDARD = "gnu++0x";
				CLANG_ENABLE_OBJC_ARC = YES;
				CLANG_WARN__DUPLICATE_METHOD_MATCH = YES;
				COPY_PHASE_STRIP = YES;
				DEBUG_INFORMATION_FORMAT = "dwarf-with-dsym";
				GCC_C_LANGUAGE_STANDARD = gnu99;
				GCC_ENABLE_OBJC_EXCEPTIONS = YES;
				GCC_WARN_64_TO_32_BIT_CONVERSION = YES;
				GCC_WARN_ABOUT_RETURN_TYPE = YES;
				GCC_WARN_UNINITIALIZED_AUTOS = YES;
				GCC_WARN_UNUSED_VARIABLE = YES;
				MACOSX_DEPLOYMENT_TARGET = 10.8;
				SDKROOT = macosx;
			};
			name = Release;
		};
		3FBBF7F916114CA4004CB391 /* Debug */ = {
			isa = XCBuildConfiguration;
			buildSettings = {
				PRODUCT_NAME = "$(TARGET_NAME)";
			};
			name = Debug;
		};
		3FBBF7FA16114CA4004CB391 /* Release */ = {
			isa = XCBuildConfiguration;
			buildSettings = {
				PRODUCT_NAME = "$(TARGET_NAME)";
			};
			name = Release;
		};
/* End XCBuildConfiguration section */

/* Begin XCConfigurationList section */
		3FBBF7E816114CA4004CB391 /* Build configuration list for PBXProject "Zip Code Search" */ = {
			isa = XCConfigurationList;
			buildConfigurations = (
				3FBBF7F616114CA4004CB391 /* Debug */,
				3FBBF7F716114CA4004CB391 /* Release */,
			);
			defaultConfigurationIsVisible = 0;
			defaultConfigurationName = Release;
		};
		3FBBF7F816114CA4004CB391 /* Build configuration list for PBXNativeTarget "Zip Code Search" */ = {
			isa = XCConfigurationList;
			buildConfigurations = (
				3FBBF7F916114CA4004CB391 /* Debug */,
				3FBBF7FA16114CA4004CB391 /* Release */,
			);
			defaultConfigurationIsVisible = 0;
		};
/* End XCConfigurationList section */
	};
	rootObject = 3FBBF7E516114CA4004CB391 /* Project object */;
}
